
Microsoft Visual Studio Solution File, Format Version 12.00
# Visual Studio Version 17
VisualStudioVersion = 17.0.31919.166
MinimumVisualStudioVersion = 10.0.40219.1
Project("{FAE04EC0-301F-11D3-BF4B-00C04F79EFBC}") = "01.Modbus主机", "01.Modbus主机\01.Modbus主机.csproj", "{FC859BE9-E8A2-4383-A08A-AB9BAF26A4F9}"
EndProject
Project("{FAE04EC0-301F-11D3-BF4B-00C04F79EFBC}") = "ModbusLib", "..\00.ModbusLib\ModbusLib.csproj", "{20BD47C1-9F73-4691-B68C-8E9F8883714F}"
EndProject
Project("{FAE04EC0-301F-11D3-BF4B-00C04F79EFBC}") = "02.Modbus读寄存器", "..\02.Modbus读寄存器\02.Modbus读寄存器.csproj", "{B3E825FC-5B82-4141-AED3-09C3BAFBCA40}"
EndProject
Project("{FAE04EC0-301F-11D3-BF4B-00C04F79EFBC}") = "03.Modbus写寄存器", "..\03.Modbus写寄存器\03.Modbus写寄存器.csproj", "{08375B3B-0869-47F5-BB2C-D1FCAC699CF4}"
EndProject
Global
	GlobalSection(SolutionConfigurationPlatforms) = preSolution
		Debug|Any CPU = Debug|Any CPU
		Release|Any CPU = Release|Any CPU
	EndGlobalSection
	GlobalSection(ProjectConfigurationPlatforms) = postSolution
		{FC859BE9-E8A2-4383-A08A-AB9BAF26A4F9}.Debug|Any CPU.ActiveCfg = Debug|Any CPU
		{FC859BE9-E8A2-4383-A08A-AB9BAF26A4F9}.Debug|Any CPU.Build.0 = Debug|Any CPU
		{FC859BE9-E8A2-4383-A08A-AB9BAF26A4F9}.Release|Any CPU.ActiveCfg = Release|Any CPU
		{FC859BE9-E8A2-4383-A08A-AB9BAF26A4F9}.Release|Any CPU.Build.0 = Release|Any CPU
		{20BD47C1-9F73-4691-B68C-8E9F8883714F}.Debug|Any CPU.ActiveCfg = Debug|Any CPU
		{20BD47C1-9F73-4691-B68C-8E9F8883714F}.Debug|Any CPU.Build.0 = Debug|Any CPU
		{20BD47C1-9F73-4691-B68C-8E9F8883714F}.Release|Any CPU.ActiveCfg = Release|Any CPU
		{20BD47C1-9F73-4691-B68C-8E9F8883714F}.Release|Any CPU.Build.0 = Release|Any CPU
		{B3E825FC-5B82-4141-AED3-09C3BAFBCA40}.Debug|Any CPU.ActiveCfg = Debug|Any CPU
		{B3E825FC-5B82-4141-AED3-09C3BAFBCA40}.Debug|Any CPU.Build.0 = Debug|Any CPU
		{B3E825FC-5B82-4141-AED3-09C3BAFBCA40}.Release|Any CPU.ActiveCfg = Release|Any CPU
		{B3E825FC-5B82-4141-AED3-09C3BAFBCA40}.Release|Any CPU.Build.0 = Release|Any CPU
		{08375B3B-0869-47F5-BB2C-D1FCAC699CF4}.Debug|Any CPU.ActiveCfg = Debug|Any CPU
		{08375B3B-0869-47F5-BB2C-D1FCAC699CF4}.Debug|Any CPU.Build.0 = Debug|Any CPU
		{08375B3B-0869-47F5-BB2C-D1FCAC699CF4}.Release|Any CPU.ActiveCfg = Release|Any CPU
		{08375B3B-0869-47F5-BB2C-D1FCAC699CF4}.Release|Any CPU.Build.0 = Release|Any CPU
	EndGlobalSection
	GlobalSection(SolutionProperties) = preSolution
		HideSolutionNode = FALSE
	EndGlobalSection
	GlobalSection(ExtensibilityGlobals) = postSolution
		SolutionGuid = {633E91A7-E005-44FC-92AE-0F203B790E7B}
	EndGlobalSection
EndGlobal
